{
  "name": "mall4uni",
  "version": "1.0.0",
  "lockfileVersion": 1,
  "requires": true,
  "dependencies": {
    "comutils": {
      "version": "1.1.19",
      "resolved": "https://registry.npmmirror.com/comutils/-/comutils-1.1.19.tgz",
      "integrity": "sha512-JxXB67juILiwhdLwOsYyjUqwWEhHdObI0EClOPk+JDtEuTbac59s0pxGpfCBnNNQ5JommifmcMGneW/4Cg7YWw=="
    },
    "crypto-js": {
      "version": "4.1.1",
      "resolved": "https://registry.npmmirror.com/crypto-js/-/crypto-js-4.1.1.tgz",
      "integrity": "sha512-o2JlM7ydqd3Qk9CA0L4NL6mTzU2sdx96a+oOfPu8Mkl/PK51vSyoi8/rQ8NknZtk44vq15lmhAj9CIAGwgeWKw=="
    },
    "uview-ui": {
      "version": "2.0.36",
      "resolved": "https://registry.npmmirror.com/uview-ui/-/uview-ui-2.0.36.tgz",
      "integrity": "sha512-ASSZT6M8w3GTO1eFPbsgEFV0U5UujK+8pTNr+MSUbRNcRMC1u63DDTLJVeArV91kWM0bfAexK3SK9pnTqF9TtA=="
    },
    "vue-seamless-scroll": {
      "version": "1.1.23",
      "resolved": "https://registry.npmmirror.com/vue-seamless-scroll/-/vue-seamless-scroll-1.1.23.tgz",
      "integrity": "sha512-HBjUub8WwsKJzbFCrwKPDrZn4e+SSbkKgwWtjKtfLwesiFGwSsVxP44/Z6d3kpXy94qIFOiflJH6l0/9pj7SGA==",
      "requires": {
        "comutils": "^1.1.9"
      }
    }
  }
}
